// !$*UTF8*$!
{
	archiveVersion = 1;
	classes = {
	};
	objectVersion = 46;
	objects = {

/* Begin PBXBuildFile section */
		517AD47C1DD4857E0034A89D /* AppDelegate.swift in Sources */ = {isa = PBXBuildFile; fileRef = 517AD47B1DD4857E0034A89D /* AppDelegate.swift */; };
		517AD4811DD4857E0034A89D /* Main.storyboard in Resources */ = {isa = PBXBuildFile; fileRef = 517AD47F1DD4857E0034A89D /* Main.storyboard */; };
		517AD4861DD4857E0034A89D /* LaunchScreen.storyboard in Resources */ = {isa = PBXBuildFile; fileRef = 517AD4841DD4857E0034A89D /* LaunchScreen.storyboard */; };
		517AD4BA1DD5C3C10034A89D /* LocalVideosPickerViewController.swift in Sources */ = {isa = PBXBuildFile; fileRef = 517AD4B31DD5C3C10034A89D /* LocalVideosPickerViewController.swift */; };
		517AD4BB1DD5C3C10034A89D /* PhotoLibraryVideosPickerViewController.swift in Sources */ = {isa = PBXBuildFile; fileRef = 517AD4B41DD5C3C10034A89D /* PhotoLibraryVideosPickerViewController.swift */; };
		517AD4BC1DD5C3C10034A89D /* RemoteVideosPickerViewController.swift in Sources */ = {isa = PBXBuildFile; fileRef = 517AD4B51DD5C3C10034A89D /* RemoteVideosPickerViewController.swift */; };
		517AD4BD1DD5C3C10034A89D /* ViewController.swift in Sources */ = {isa = PBXBuildFile; fileRef = 517AD4B61DD5C3C10034A89D /* ViewController.swift */; };
		517AD4C01DD5C3F90034A89D /* Assets.xcassets in Resources */ = {isa = PBXBuildFile; fileRef = 517AD4BE1DD5C3F90034A89D /* Assets.xcassets */; };
		517AD4C11DD5C3F90034A89D /* Info.plist in Resources */ = {isa = PBXBuildFile; fileRef = 517AD4BF1DD5C3F90034A89D /* Info.plist */; };
		517AD4C31DD5C4320034A89D /* Models.swift in Sources */ = {isa = PBXBuildFile; fileRef = 517AD4C21DD5C4320034A89D /* Models.swift */; };
		51888D141DD5CE6800AF1744 /* PhotoLibraryPickerViewCell.swift in Sources */ = {isa = PBXBuildFile; fileRef = 51888D131DD5CE6800AF1744 /* PhotoLibraryPickerViewCell.swift */; };
/* End PBXBuildFile section */

/* Begin PBXContainerItemProxy section */
		517AD4A41DD5AC130034A89D /* PBXContainerItemProxy */ = {
			isa = PBXContainerItemProxy;
			containerPortal = 517AD4A01DD5AC130034A89D /* KeyframePicker.xcodeproj */;
			proxyType = 2;
			remoteGlobalIDString = 517AD4641DD4855F0034A89D;
			remoteInfo = KeyframePicker;
		};
/* End PBXContainerItemProxy section */

/* Begin PBXFileReference section */
		517AD4781DD4857E0034A89D /* Example.app */ = {isa = PBXFileReference; explicitFileType = wrapper.application; includeInIndex = 0; path = Example.app; sourceTree = BUILT_PRODUCTS_DIR; };
		517AD47B1DD4857E0034A89D /* AppDelegate.swift */ = {isa = PBXFileReference; lastKnownFileType = sourcecode.swift; path = AppDelegate.swift; sourceTree = "<group>"; };
		517AD4801DD4857E0034A89D /* Base */ = {isa = PBXFileReference; lastKnownFileType = file.storyboard; name = Base; path = Base.lproj/Main.storyboard; sourceTree = "<group>"; };
		517AD4851DD4857E0034A89D /* Base */ = {isa = PBXFileReference; lastKnownFileType = file.storyboard; name = Base; path = Base.lproj/LaunchScreen.storyboard; sourceTree = "<group>"; };
		517AD4A01DD5AC130034A89D /* KeyframePicker.xcodeproj */ = {isa = PBXFileReference; lastKnownFileType = "wrapper.pb-project"; name = KeyframePicker.xcodeproj; path = ../KeyframePicker.xcodeproj; sourceTree = "<group>"; };
		517AD4B31DD5C3C10034A89D /* LocalVideosPickerViewController.swift */ = {isa = PBXFileReference; fileEncoding = 4; lastKnownFileType = sourcecode.swift; path = LocalVideosPickerViewController.swift; sourceTree = "<group>"; };
		517AD4B41DD5C3C10034A89D /* PhotoLibraryVideosPickerViewController.swift */ = {isa = PBXFileReference; fileEncoding = 4; lastKnownFileType = sourcecode.swift; path = PhotoLibraryVideosPickerViewController.swift; sourceTree = "<group>"; };
		517AD4B51DD5C3C10034A89D /* RemoteVideosPickerViewController.swift */ = {isa = PBXFileReference; fileEncoding = 4; lastKnownFileType = sourcecode.swift; path = RemoteVideosPickerViewController.swift; sourceTree = "<group>"; };
		517AD4B61DD5C3C10034A89D /* ViewController.swift */ = {isa = PBXFileReference; fileEncoding = 4; lastKnownFileType = sourcecode.swift; path = ViewController.swift; sourceTree = "<group>"; };
		517AD4BE1DD5C3F90034A89D /* Assets.xcassets */ = {isa = PBXFileReference; lastKnownFileType = folder.assetcatalog; path = Assets.xcassets; sourceTree = "<group>"; };
		517AD4BF1DD5C3F90034A89D /* Info.plist */ = {isa = PBXFileReference; fileEncoding = 4; lastKnownFileType = text.plist.xml; path = Info.plist; sourceTree = "<group>"; };
		517AD4C21DD5C4320034A89D /* Models.swift */ = {isa = PBXFileReference; fileEncoding = 4; lastKnownFileType = sourcecode.swift; path = Models.swift; sourceTree = "<group>"; };
		51888D131DD5CE6800AF1744 /* PhotoLibraryPickerViewCell.swift */ = {isa = PBXFileReference; fileEncoding = 4; lastKnownFileType = sourcecode.swift; path = PhotoLibraryPickerViewCell.swift; sourceTree = "<group>"; };
/* End PBXFileReference section */

/* Begin PBXFrameworksBuildPhase section */
		517AD4751DD4857E0034A89D /* Frameworks */ = {
			isa = PBXFrameworksBuildPhase;
			buildActionMask = 2147483647;
			files = (
			);
			runOnlyForDeploymentPostprocessing = 0;
		};
/* End PBXFrameworksBuildPhase section */

/* Begin PBXGroup section */
		517AD46F1DD4857E0034A89D = {
			isa = PBXGroup;
			children = (
				517AD47A1DD4857E0034A89D /* Example */,
				517AD4791DD4857E0034A89D /* Products */,
				517AD4A01DD5AC130034A89D /* KeyframePicker.xcodeproj */,
			);
			sourceTree = "<group>";
		};
		517AD4791DD4857E0034A89D /* Products */ = {
			isa = PBXGroup;
			children = (
				517AD4781DD4857E0034A89D /* Example.app */,
			);
			name = Products;
			sourceTree = "<group>";
		};
		517AD47A1DD4857E0034A89D /* Example */ = {
			isa = PBXGroup;
			children = (
				517AD4B21DD5C3C10034A89D /* Controller */,
				517AD4B71DD5C3C10034A89D /* Model */,
				517AD4B81DD5C3C10034A89D /* Resource */,
				517AD4B91DD5C3C10034A89D /* View */,
				517AD47B1DD4857E0034A89D /* AppDelegate.swift */,
				517AD47F1DD4857E0034A89D /* Main.storyboard */,
				517AD4841DD4857E0034A89D /* LaunchScreen.storyboard */,
			);
			path = Example;
			sourceTree = "<group>";
		};
		517AD4A11DD5AC130034A89D /* Products */ = {
			isa = PBXGroup;
			children = (
				517AD4A51DD5AC130034A89D /* KeyframePicker.framework */,
			);
			name = Products;
			sourceTree = "<group>";
		};
		517AD4B21DD5C3C10034A89D /* Controller */ = {
			isa = PBXGroup;
			children = (
				517AD4B61DD5C3C10034A89D /* ViewController.swift */,
				517AD4B41DD5C3C10034A89D /* PhotoLibraryVideosPickerViewController.swift */,
				517AD4B31DD5C3C10034A89D /* LocalVideosPickerViewController.swift */,
				517AD4B51DD5C3C10034A89D /* RemoteVideosPickerViewController.swift */,
			);
			path = Controller;
			sourceTree = "<group>";
		};
		517AD4B71DD5C3C10034A89D /* Model */ = {
			isa = PBXGroup;
			children = (
				517AD4C21DD5C4320034A89D /* Models.swift */,
			);
			path = Model;
			sourceTree = "<group>";
		};
		517AD4B81DD5C3C10034A89D /* Resource */ = {
			isa = PBXGroup;
			children = (
				517AD4BE1DD5C3F90034A89D /* Assets.xcassets */,
				517AD4BF1DD5C3F90034A89D /* Info.plist */,
			);
			path = Resource;
			sourceTree = "<group>";
		};
		517AD4B91DD5C3C10034A89D /* View */ = {
			isa = PBXGroup;
			children = (
				51888D131DD5CE6800AF1744 /* PhotoLibraryPickerViewCell.swift */,
			);
			path = View;
			sourceTree = "<group>";
		};
/* End PBXGroup section */

/* Begin PBXNativeTarget section */
		517AD4771DD4857E0034A89D /* Example */ = {
			isa = PBXNativeTarget;
			buildConfigurationList = 517AD48A1DD4857E0034A89D /* Build configuration list for PBXNativeTarget "Example" */;
			buildPhases = (
				517AD4741DD4857E0034A89D /* Sources */,
				517AD4751DD4857E0034A89D /* Frameworks */,
				517AD4761DD4857E0034A89D /* Resources */,
			);
			buildRules = (
			);
			dependencies = (
			);
			name = Example;
			productName = Example;
			productReference = 517AD4781DD4857E0034A89D /* Example.app */;
			productType = "com.apple.product-type.application";
		};
/* End PBXNativeTarget section */

/* Begin PBXProject section */
		517AD4701DD4857E0034A89D /* Project object */ = {
			isa = PBXProject;
			attributes = {
				LastSwiftUpdateCheck = 0800;
				LastUpgradeCheck = 0800;
				ORGANIZATIONNAME = zhangzhilong;
				TargetAttributes = {
					517AD4771DD4857E0034A89D = {
						CreatedOnToolsVersion = 8.0;
						DevelopmentTeam = 2E728EA35C;
						ProvisioningStyle = Automatic;
					};
				};
			};
			buildConfigurationList = 517AD4731DD4857E0034A89D /* Build configuration list for PBXProject "Example" */;
			compatibilityVersion = "Xcode 3.2";
			developmentRegion = English;
			hasScannedForEncodings = 0;
			knownRegions = (
				en,
				Base,
			);
			mainGroup = 517AD46F1DD4857E0034A89D;
			productRefGroup = 517AD4791DD4857E0034A89D /* Products */;
			projectDirPath = "";
			projectReferences = (
				{
					ProductGroup = 517AD4A11DD5AC130034A89D /* Products */;
					ProjectRef = 517AD4A01DD5AC130034A89D /* KeyframePicker.xcodeproj */;
				},
			);
			projectRoot = "";
			targets = (
				517AD4771DD4857E0034A89D /* Example */,
			);
		};
/* End PBXProject section */

/* Begin PBXReferenceProxy section */
		517AD4A51DD5AC130034A89D /* KeyframePicker.framework */ = {
			isa = PBXReferenceProxy;
			fileType = wrapper.framework;
			path = KeyframePicker.framework;
			remoteRef = 517AD4A41DD5AC130034A89D /* PBXContainerItemProxy */;
			sourceTree = BUILT_PRODUCTS_DIR;
		};
/* End PBXReferenceProxy section */

/* Begin PBXResourcesBuildPhase section */
		517AD4761DD4857E0034A89D /* Resources */ = {
			isa = PBXResourcesBuildPhase;
			buildActionMask = 2147483647;
			files = (
				517AD4C11DD5C3F90034A89D /* Info.plist in Resources */,
				517AD4861DD4857E0034A89D /* LaunchScreen.storyboard in Resources */,
				517AD4C01DD5C3F90034A89D /* Assets.xcassets in Resources */,
				517AD4811DD4857E0034A89D /* Main.storyboard in Resources */,
			);
			runOnlyForDeploymentPostprocessing = 0;
		};
/* End PBXResourcesBuildPhase section */

/* Begin PBXSourcesBuildPhase section */
		517AD4741DD4857E0034A89D /* Sources */ = {
			isa = PBXSourcesBuildPhase;
			buildActionMask = 2147483647;
			files = (
				517AD4BD1DD5C3C10034A89D /* ViewController.swift in Sources */,
				517AD4BC1DD5C3C10034A89D /* RemoteVideosPickerViewController.swift in Sources */,
				517AD4BA1DD5C3C10034A89D /* LocalVideosPickerViewController.swift in Sources */,
				517AD4C31DD5C4320034A89D /* Models.swift in Sources */,
				517AD47C1DD4857E0034A89D /* AppDelegate.swift in Sources */,
				51888D141DD5CE6800AF1744 /* PhotoLibraryPickerViewCell.swift in Sources */,
				517AD4BB1DD5C3C10034A89D /* PhotoLibraryVideosPickerViewController.swift in Sources */,
			);
			runOnlyForDeploymentPostprocessing = 0;
		};
/* End PBXSourcesBuildPhase section */

/* Begin PBXVariantGroup section */
		517AD47F1DD4857E0034A89D /* Main.storyboard */ = {
			isa = PBXVariantGroup;
			children = (
				517AD4801DD4857E0034A89D /* Base */,
			);
			name = Main.storyboard;
			sourceTree = "<group>";
		};
		517AD4841DD4857E0034A89D /* LaunchScreen.storyboard */ = {
			isa = PBXVariantGroup;
			children = (
				517AD4851DD4857E0034A89D /* Base */,
			);
			name = LaunchScreen.storyboard;
			sourceTree = "<group>";
		};
/* End PBXVariantGroup section */

/* Begin XCBuildConfiguration section */
		517AD4881DD4857E0034A89D /* Debug */ = {
			isa = XCBuildConfiguration;
			buildSettings = {
				ALWAYS_SEARCH_USER_PATHS = NO;
				CLANG_ANALYZER_NONNULL = YES;
				CLANG_CXX_LANGUAGE_STANDARD = "gnu++0x";
				CLANG_CXX_LIBRARY = "libc++";
				CLANG_ENABLE_MODULES = YES;
				CLANG_ENABLE_OBJC_ARC = YES;
				CLANG_WARN_BOOL_CONVERSION = YES;
				CLANG_WARN_CONSTANT_CONVERSION = YES;
				CLANG_WARN_DIRECT_OBJC_ISA_USAGE = YES_ERROR;
				CLANG_WARN_DOCUMENTATION_COMMENTS = YES;
				CLANG_WARN_EMPTY_BODY = YES;
				CLANG_WARN_ENUM_CONVERSION = YES;
				CLANG_WARN_INFINITE_RECURSION = YES;
				CLANG_WARN_INT_CONVERSION = YES;
				CLANG_WARN_OBJC_ROOT_CLASS = YES_ERROR;
				CLANG_WARN_SUSPICIOUS_MOVES = YES;
				CLANG_WARN_UNREACHABLE_CODE = YES;
				CLANG_WARN__DUPLICATE_METHOD_MATCH = YES;
				"CODE_SIGN_IDENTITY[sdk=iphoneos*]" = "iPhone Developer";
				COPY_PHASE_STRIP = NO;
				DEBUG_INFORMATION_FORMAT = dwarf;
				ENABLE_STRICT_OBJC_MSGSEND = YES;
				ENABLE_TESTABILITY = YES;
				GCC_C_LANGUAGE_STANDARD = gnu99;
				GCC_DYNAMIC_NO_PIC = NO;
				GCC_NO_COMMON_BLOCKS = YES;
				GCC_OPTIMIZATION_LEVEL = 0;
				GCC_PREPROCESSOR_DEFINITIONS = (
					"DEBUG=1",
					"$(inherited)",
				);
				GCC_WARN_64_TO_32_BIT_CONVERSION = YES;
				GCC_WARN_ABOUT_RETURN_TYPE = YES_ERROR;
				GCC_WARN_UNDECLARED_SELECTOR = YES;
				GCC_WARN_UNINITIALIZED_AUTOS = YES_AGGRESSIVE;
				GCC_WARN_UNUSED_FUNCTION = YES;
				GCC_WARN_UNUSED_VARIABLE = YES;
				IPHONEOS_DEPLOYMENT_TARGET = 10.0;
				MTL_ENABLE_DEBUG_INFO = YES;
				ONLY_ACTIVE_ARCH = YES;
				SDKROOT = iphoneos;
				SWIFT_ACTIVE_COMPILATION_CONDITIONS = DEBUG;
				SWIFT_OPTIMIZATION_LEVEL = "-Onone";
			};
			name = Debug;
		};
		517AD4891DD4857E0034A89D /* Release */ = {
			isa = XCBuildConfiguration;
			buildSettings = {
				ALWAYS_SEARCH_USER_PATHS = NO;
				CLANG_ANALYZER_NONNULL = YES;
				CLANG_CXX_LANGUAGE_STANDARD = "gnu++0x";
				CLANG_CXX_LIBRARY = "libc++";
				CLANG_ENABLE_MODULES = YES;
				CLANG_ENABLE_OBJC_ARC = YES;
				CLANG_WARN_BOOL_CONVERSION = YES;
				CLANG_WARN_CONSTANT_CONVERSION = YES;
				CLANG_WARN_DIRECT_OBJC_ISA_USAGE = YES_ERROR;
				CLANG_WARN_DOCUMENTATION_COMMENTS = YES;
				CLANG_WARN_EMPTY_BODY = YES;
				CLANG_WARN_ENUM_CONVERSION = YES;
				CLANG_WARN_INFINITE_RECURSION = YES;
				CLANG_WARN_INT_CONVERSION = YES;
				CLANG_WARN_OBJC_ROOT_CLASS = YES_ERROR;
				CLANG_WARN_SUSPICIOUS_MOVES = YES;
				CLANG_WARN_UNREACHABLE_CODE = YES;
				CLANG_WARN__DUPLICATE_METHOD_MATCH = YES;
				"CODE_SIGN_IDENTITY[sdk=iphoneos*]" = "iPhone Developer";
				COPY_PHASE_STRIP = NO;
				DEBUG_INFORMATION_FORMAT = "dwarf-with-dsym";
				ENABLE_NS_ASSERTIONS = NO;
				ENABLE_STRICT_OBJC_MSGSEND = YES;
				GCC_C_LANGUAGE_STANDARD = gnu99;
				GCC_NO_COMMON_BLOCKS = YES;
				GCC_WARN_64_TO_32_BIT_CONVERSION = YES;
				GCC_WARN_ABOUT_RETURN_TYPE = YES_ERROR;
				GCC_WARN_UNDECLARED_SELECTOR = YES;
				GCC_WARN_UNINITIALIZED_AUTOS = YES_AGGRESSIVE;
				GCC_WARN_UNUSED_FUNCTION = YES;
				GCC_WARN_UNUSED_VARIABLE = YES;
				IPHONEOS_DEPLOYMENT_TARGET = 10.0;
				MTL_ENABLE_DEBUG_INFO = NO;
				SDKROOT = iphoneos;
				SWIFT_OPTIMIZATION_LEVEL = "-Owholemodule";
				VALIDATE_PRODUCT = YES;
			};
			name = Release;
		};
		517AD48B1DD4857E0034A89D /* Debug */ = {
			isa = XCBuildConfiguration;
			buildSettings = {
				ASSETCATALOG_COMPILER_APPICON_NAME = AppIcon;
				DEVELOPMENT_TEAM = 2E728EA35C;
				INFOPLIST_FILE = "$(SRCROOT)/Example/Resource/Info.plist";
				IPHONEOS_DEPLOYMENT_TARGET = 8.0;
				LD_RUNPATH_SEARCH_PATHS = "$(inherited) @executable_path/Frameworks";
				PRODUCT_BUNDLE_IDENTIFIER = com.breadtrip.Example;
				PRODUCT_NAME = "$(TARGET_NAME)";
				SWIFT_VERSION = 3.0;
				TARGETED_DEVICE_FAMILY = "1,2";
			};
			name = Debug;
		};
		517AD48C1DD4857E0034A89D /* Release */ = {
			isa = XCBuildConfiguration;
			buildSettings = {
				ASSETCATALOG_COMPILER_APPICON_NAME = AppIcon;
				DEVELOPMENT_TEAM = 2E728EA35C;
				INFOPLIST_FILE = "$(SRCROOT)/Example/Resource/Info.plist";
				IPHONEOS_DEPLOYMENT_TARGET = 8.0;
				LD_RUNPATH_SEARCH_PATHS = "$(inherited) @executable_path/Frameworks";
				PRODUCT_BUNDLE_IDENTIFIER = com.breadtrip.Example;
				PRODUCT_NAME = "$(TARGET_NAME)";
				SWIFT_VERSION = 3.0;
				TARGETED_DEVICE_FAMILY = "1,2";
			};
			name = Release;
		};
/* End XCBuildConfiguration section */

/* Begin XCConfigurationList section */
		517AD4731DD4857E0034A89D /* Build configuration list for PBXProject "Example" */ = {
			isa = XCConfigurationList;
			buildConfigurations = (
				517AD4881DD4857E0034A89D /* Debug */,
				517AD4891DD4857E0034A89D /* Release */,
			);
			defaultConfigurationIsVisible = 0;
			defaultConfigurationName = Release;
		};
		517AD48A1DD4857E0034A89D /* Build configuration list for PBXNativeTarget "Example" */ = {
			isa = XCConfigurationList;
			buildConfigurations = (
				517AD48B1DD4857E0034A89D /* Debug */,
				517AD48C1DD4857E0034A89D /* Release */,
			);
			defaultConfigurationIsVisible = 0;
			defaultConfigurationName = Release;
		};
/* End XCConfigurationList section */
	};
	rootObject = 517AD4701DD4857E0034A89D /* Project object */;
}
